version = 1
revision = 1
requires-python = ">=3.11, <3.13"

[[package]]
name = "clypi"
version = "0.1.15"
source = { editable = "." }
dependencies = [
    { name = "levenshtein" },
    { name = "typing-extensions" },
]

[package.optional-dependencies]
dev = [
    { name = "pyright" },
    { name = "pytest" },
    { name = "ruff" },
]
examples = [
    { name = "v6e" },
]

[package.metadata]
requires-dist = [
    { name = "levenshtein", specifier = ">=0.26.1" },
    { name = "pyright", marker = "extra == 'dev'", specifier = ">=1.1.394" },
    { name = "pytest", marker = "extra == 'dev'", specifier = ">=8.3.4" },
    { name = "ruff", marker = "extra == 'dev'", specifier = ">=0.9.7" },
    { name = "typing-extensions", specifier = ">=4.12.2" },
    { name = "v6e", marker = "extra == 'examples'", specifier = ">=0.1.17" },
]
provides-extras = ["dev", "examples"]

[[package]]
name = "colorama"
version = "0.4.6"
source = { registry = "https://pypi.org/simple" }
sdist = { url = "https://files.pythonhosted.org/packages/d8/53/6f443c9a4a8358a93a6792e2acffb9d9d5cb0a5cfd8802644b7b1c9a02e4/colorama-0.4.6.tar.gz", hash = "sha256:08695f5cb7ed6e0531a20572697297273c47b8cae5a63ffc6d6ed5c201be6e44", size = 27697 }
wheels = [
    { url = "https://files.pythonhosted.org/packages/d1/d6/3965ed04c63042e047cb6a3e6ed1a63a35087b6a609aa3a15ed8ac56c221/colorama-0.4.6-py2.py3-none-any.whl", hash = "sha256:4f1d9991f5acc0ca119f9d443620b77f9d6b33703e51011c16baf57afb285fc6", size = 25335 },
]

[[package]]
name = "iniconfig"
version = "2.0.0"
source = { registry = "https://pypi.org/simple" }
sdist = { url = "https://files.pythonhosted.org/packages/d7/4b/cbd8e699e64a6f16ca3a8220661b5f83792b3017d0f79807cb8708d33913/iniconfig-2.0.0.tar.gz", hash = "sha256:2d91e135bf72d31a410b17c16da610a82cb55f6b0477d1a902134b24a455b8b3", size = 4646 }
wheels = [
    { url = "https://files.pythonhosted.org/packages/ef/a6/62565a6e1cf69e10f5727360368e451d4b7f58beeac6173dc9db836a5b46/iniconfig-2.0.0-py3-none-any.whl", hash = "sha256:b6a85871a79d2e3b22d2d1b94ac2824226a63c6b741c88f7ae975f18b6778374", size = 5892 },
]

[[package]]
name = "levenshtein"
version = "0.26.1"
source = { registry = "https://pypi.org/simple" }
dependencies = [
    { name = "rapidfuzz" },
]
sdist = { url = "https://files.pythonhosted.org/packages/97/e6/79807d3b59a67dd78bb77072ca6a28d8db0935161fecf935e6c38c5f6825/levenshtein-0.26.1.tar.gz", hash = "sha256:0d19ba22330d50609b2349021ec3cf7d905c6fe21195a2d0d876a146e7ed2575", size = 374307 }
wheels = [
    { url = "https://files.pythonhosted.org/packages/af/b4/86e447173ca8d936b7ef270d21952a0053e799040e73b843a4a5ac9a15a1/levenshtein-0.26.1-cp311-cp311-macosx_10_9_x86_64.whl", hash = "sha256:44c51f5d33b3cfb9db518b36f1288437a509edd82da94c4400f6a681758e0cb6", size = 177037 },
    { url = "https://files.pythonhosted.org/packages/27/b3/e15e14e5836dfc23ed014c21b307cbf77b3c6fd75e11d0675ce9a0d43b31/levenshtein-0.26.1-cp311-cp311-macosx_11_0_arm64.whl", hash = "sha256:56b93203e725f9df660e2afe3d26ba07d71871b6d6e05b8b767e688e23dfb076", size = 157478 },
    { url = "https://files.pythonhosted.org/packages/32/f1/f4d0904c5074e4e9d33dcaf304144e02eae9eec9d61b63bf17b1108ce228/levenshtein-0.26.1-cp311-cp311-manylinux_2_17_aarch64.manylinux2014_aarch64.whl", hash = "sha256:270d36c5da04a0d89990660aea8542227cbd8f5bc34e9fdfadd34916ff904520", size = 153873 },
    { url = "https://files.pythonhosted.org/packages/f9/0d/cd5abe809421ce0d4a2cae60fd2fdf62cb43890068515a8a0069e2b17894/levenshtein-0.26.1-cp311-cp311-manylinux_2_17_ppc64le.manylinux2014_ppc64le.whl", hash = "sha256:480674c05077eeb0b0f748546d4fcbb386d7c737f9fff0010400da3e8b552942", size = 186850 },
    { url = "https://files.pythonhosted.org/packages/a8/69/03f4266ad83781f2602b1976a2e5a98785c148f9bfc77c343e5aa1840f64/levenshtein-0.26.1-cp311-cp311-manylinux_2_17_s390x.manylinux2014_s390x.whl", hash = "sha256:13946e37323728695ba7a22f3345c2e907d23f4600bc700bf9b4352fb0c72a48", size = 187527 },
    { url = "https://files.pythonhosted.org/packages/36/fa/ec3be1162b1a757f80e713220470fe5b4db22e23f886f50ac59a48f0a84d/levenshtein-0.26.1-cp311-cp311-manylinux_2_17_x86_64.manylinux2014_x86_64.whl", hash = "sha256:ceb673f572d1d0dc9b1cd75792bb8bad2ae8eb78a7c6721e23a3867d318cb6f2", size = 162673 },
    { url = "https://files.pythonhosted.org/packages/9e/d6/dc8358b6a4174f413532aa27463dc4d167ac25742826f58916bb6e6417b1/levenshtein-0.26.1-cp311-cp311-manylinux_2_5_i686.manylinux1_i686.manylinux_2_17_i686.manylinux2014_i686.whl", hash = "sha256:42d6fa242e3b310ce6bfd5af0c83e65ef10b608b885b3bb69863c01fb2fcff98", size = 250413 },
    { url = "https://files.pythonhosted.org/packages/57/5e/a87bf39686482a1df000fdc265fdd812f0cd316d5fb0a25f52654504a82b/levenshtein-0.26.1-cp311-cp311-musllinux_1_2_aarch64.whl", hash = "sha256:b8b68295808893a81e0a1dbc2274c30dd90880f14d23078e8eb4325ee615fc68", size = 1078713 },
    { url = "https://files.pythonhosted.org/packages/c5/04/30ab2f27c4ff7d6d98b3bb6bf8541521535ad2d05e50ac8fd00ab701c080/levenshtein-0.26.1-cp311-cp311-musllinux_1_2_i686.whl", hash = "sha256:b01061d377d1944eb67bc40bef5d4d2f762c6ab01598efd9297ce5d0047eb1b5", size = 1331174 },
    { url = "https://files.pythonhosted.org/packages/e4/68/9c7f60ccb097a86420d058dcc3f575e6b3d663b3a5cde3651443f7087e14/levenshtein-0.26.1-cp311-cp311-musllinux_1_2_ppc64le.whl", hash = "sha256:9d12c8390f156745e533d01b30773b9753e41d8bbf8bf9dac4b97628cdf16314", size = 1207733 },
    { url = "https://files.pythonhosted.org/packages/64/21/222f54a1a654eca1c1cd015d32d972d70529eb218d469d516f13eac2149d/levenshtein-0.26.1-cp311-cp311-musllinux_1_2_s390x.whl", hash = "sha256:48825c9f967f922061329d1481b70e9fee937fc68322d6979bc623f69f75bc91", size = 1356116 },
    { url = "https://files.pythonhosted.org/packages/6f/65/681dced2fa798ea7882bff5682ab566689a4920006ed9aca4fd8d1edb2d2/levenshtein-0.26.1-cp311-cp311-musllinux_1_2_x86_64.whl", hash = "sha256:d8ec137170b95736842f99c0e7a9fd8f5641d0c1b63b08ce027198545d983e2b", size = 1135459 },
    { url = "https://files.pythonhosted.org/packages/a1/e8/1ff8a634c428ed908d20482f77491cca08fa16c96738ad82d9219da138a1/levenshtein-0.26.1-cp311-cp311-win32.whl", hash = "sha256:798f2b525a2e90562f1ba9da21010dde0d73730e277acaa5c52d2a6364fd3e2a", size = 87265 },
    { url = "https://files.pythonhosted.org/packages/8f/fb/44e9747558a7381ea6736e10ac2f871414007915afb94efac423e68cf441/levenshtein-0.26.1-cp311-cp311-win_amd64.whl", hash = "sha256:55b1024516c59df55f1cf1a8651659a568f2c5929d863d3da1ce8893753153bd", size = 98518 },
    { url = "https://files.pythonhosted.org/packages/04/90/c476a74d8ec25d680b9cbf51966d638623a82a2fd4e99b988a383f22a681/levenshtein-0.26.1-cp311-cp311-win_arm64.whl", hash = "sha256:e52575cbc6b9764ea138a6f82d73d3b1bc685fe62e207ff46a963d4c773799f6", size = 88086 },
    { url = "https://files.pythonhosted.org/packages/4c/53/3685ee7fbe9b8eb4b82d8045255e59dd6943f94e8091697ef3808e7ecf63/levenshtein-0.26.1-cp312-cp312-macosx_10_13_x86_64.whl", hash = "sha256:cc741ca406d3704dc331a69c04b061fc952509a069b79cab8287413f434684bd", size = 176447 },
    { url = "https://files.pythonhosted.org/packages/82/7f/7d6fe9b76bd030200f8f9b162f3de862d597804d292af292ec3ce9ae8bee/levenshtein-0.26.1-cp312-cp312-macosx_11_0_arm64.whl", hash = "sha256:821ace3b4e1c2e02b43cf5dc61aac2ea43bdb39837ac890919c225a2c3f2fea4", size = 157589 },
    { url = "https://files.pythonhosted.org/packages/bc/d3/44539e952df93c5d88a95a0edff34af38e4f87330a76e8335bfe2c0f31bf/levenshtein-0.26.1-cp312-cp312-manylinux_2_17_aarch64.manylinux2014_aarch64.whl", hash = "sha256:f92694c9396f55d4c91087efacf81297bef152893806fc54c289fc0254b45384", size = 153306 },
    { url = "https://files.pythonhosted.org/packages/ba/fe/21443c0c50824314e2d2ce7e1e9cd11d21b3643f3c14da156b15b4d399c7/levenshtein-0.26.1-cp312-cp312-manylinux_2_17_ppc64le.manylinux2014_ppc64le.whl", hash = "sha256:51ba374de7a1797d04a14a4f0ad3602d2d71fef4206bb20a6baaa6b6a502da58", size = 184409 },
    { url = "https://files.pythonhosted.org/packages/f0/7b/c95066c64bb18628cf7488e0dd6aec2b7cbda307d93ba9ede68a21af2a7b/levenshtein-0.26.1-cp312-cp312-manylinux_2_17_s390x.manylinux2014_s390x.whl", hash = "sha256:f7aa5c3327dda4ef952769bacec09c09ff5bf426e07fdc94478c37955681885b", size = 193134 },
    { url = "https://files.pythonhosted.org/packages/36/22/5f9760b135bdefb8cf8d663890756136754db03214f929b73185dfa33f05/levenshtein-0.26.1-cp312-cp312-manylinux_2_17_x86_64.manylinux2014_x86_64.whl", hash = "sha256:33e2517e8d3c221de2d1183f400aed64211fcfc77077b291ed9f3bb64f141cdc", size = 162266 },
    { url = "https://files.pythonhosted.org/packages/11/50/6b1a5f3600caae40db0928f6775d7efc62c13dec2407d3d540bc4afdb72c/levenshtein-0.26.1-cp312-cp312-manylinux_2_5_i686.manylinux1_i686.manylinux_2_17_i686.manylinux2014_i686.whl", hash = "sha256:9092b622765c7649dd1d8af0f43354723dd6f4e570ac079ffd90b41033957438", size = 246339 },
    { url = "https://files.pythonhosted.org/packages/26/eb/ede282fcb495570898b39a0d2f21bbc9be5587d604c93a518ece80f3e7dc/levenshtein-0.26.1-cp312-cp312-musllinux_1_2_aarch64.whl", hash = "sha256:fc16796c85d7d8b259881d59cc8b5e22e940901928c2ff6924b2c967924e8a0b", size = 1077937 },
    { url = "https://files.pythonhosted.org/packages/35/41/eebe1c4a75f592d9bdc3c2595418f083bcad747e0aec52a1a9ffaae93f5c/levenshtein-0.26.1-cp312-cp312-musllinux_1_2_i686.whl", hash = "sha256:e4370733967f5994ceeed8dc211089bedd45832ee688cecea17bfd35a9eb22b9", size = 1330607 },
    { url = "https://files.pythonhosted.org/packages/12/8e/4d34b1857adfd69c2a72d84bca1b8538d4cfaaf6fddd8599573f4281a9d1/levenshtein-0.26.1-cp312-cp312-musllinux_1_2_ppc64le.whl", hash = "sha256:3535ecfd88c9b283976b5bc61265855f59bba361881e92ed2b5367b6990c93fe", size = 1197505 },
    { url = "https://files.pythonhosted.org/packages/c0/7b/6afcda1b0a0622cedaa4f7a5b3507c2384a7358fc051ccf619e5d2453bf2/levenshtein-0.26.1-cp312-cp312-musllinux_1_2_s390x.whl", hash = "sha256:90236e93d98bdfd708883a6767826fafd976dac8af8fc4a0fb423d4fa08e1bf0", size = 1352832 },
    { url = "https://files.pythonhosted.org/packages/21/5e/0ed4e7b5c820b6bc40e2c391633292c3666400339042a3d306f0dc8fdcb4/levenshtein-0.26.1-cp312-cp312-musllinux_1_2_x86_64.whl", hash = "sha256:04b7cabb82edf566b1579b3ed60aac0eec116655af75a3c551fee8754ffce2ea", size = 1135970 },
    { url = "https://files.pythonhosted.org/packages/c9/91/3ff1abacb58642749dfd130ad855370e01b9c7aeaa73801964361f6e355f/levenshtein-0.26.1-cp312-cp312-win32.whl", hash = "sha256:ae382af8c76f6d2a040c0d9ca978baf461702ceb3f79a0a3f6da8d596a484c5b", size = 87599 },
    { url = "https://files.pythonhosted.org/packages/7d/f9/727f3ba7843a3fb2a0f3db825358beea2a52bc96258874ee80cb2e5ecabb/levenshtein-0.26.1-cp312-cp312-win_amd64.whl", hash = "sha256:fd091209798cfdce53746f5769987b4108fe941c54fb2e058c016ffc47872918", size = 98809 },
    { url = "https://files.pythonhosted.org/packages/d4/f4/f87f19222d279dbac429b9bc7ccae271d900fd9c48a581b8bc180ba6cd09/levenshtein-0.26.1-cp312-cp312-win_arm64.whl", hash = "sha256:7e82f2ea44a81ad6b30d92a110e04cd3c8c7c6034b629aca30a3067fa174ae89", size = 88227 },
]

[[package]]
name = "nodeenv"
version = "1.9.1"
source = { registry = "https://pypi.org/simple" }
sdist = { url = "https://files.pythonhosted.org/packages/43/16/fc88b08840de0e0a72a2f9d8c6bae36be573e475a6326ae854bcc549fc45/nodeenv-1.9.1.tar.gz", hash = "sha256:6ec12890a2dab7946721edbfbcd91f3319c6ccc9aec47be7c7e6b7011ee6645f", size = 47437 }
wheels = [
    { url = "https://files.pythonhosted.org/packages/d2/1d/1b658dbd2b9fa9c4c9f32accbfc0205d532c8c6194dc0f2a4c0428e7128a/nodeenv-1.9.1-py2.py3-none-any.whl", hash = "sha256:ba11c9782d29c27c70ffbdda2d7415098754709be8a7056d79a737cd901155c9", size = 22314 },
]

[[package]]
name = "packaging"
version = "24.2"
source = { registry = "https://pypi.org/simple" }
sdist = { url = "https://files.pythonhosted.org/packages/d0/63/68dbb6eb2de9cb10ee4c9c14a0148804425e13c4fb20d61cce69f53106da/packaging-24.2.tar.gz", hash = "sha256:c228a6dc5e932d346bc5739379109d49e8853dd8223571c7c5b55260edc0b97f", size = 163950 }
wheels = [
    { url = "https://files.pythonhosted.org/packages/88/ef/eb23f262cca3c0c4eb7ab1933c3b1f03d021f2c48f54763065b6f0e321be/packaging-24.2-py3-none-any.whl", hash = "sha256:09abb1bccd265c01f4a3aa3f7a7db064b36514d2cba19a2f694fe6150451a759", size = 65451 },
]

[[package]]
name = "pluggy"
version = "1.5.0"
source = { registry = "https://pypi.org/simple" }
sdist = { url = "https://files.pythonhosted.org/packages/96/2d/02d4312c973c6050a18b314a5ad0b3210edb65a906f868e31c111dede4a6/pluggy-1.5.0.tar.gz", hash = "sha256:2cffa88e94fdc978c4c574f15f9e59b7f4201d439195c3715ca9e2486f1d0cf1", size = 67955 }
wheels = [
    { url = "https://files.pythonhosted.org/packages/88/5f/e351af9a41f866ac3f1fac4ca0613908d9a41741cfcf2228f4ad853b697d/pluggy-1.5.0-py3-none-any.whl", hash = "sha256:44e1ad92c8ca002de6377e165f3e0f1be63266ab4d554740532335b9d75ea669", size = 20556 },
]

[[package]]
name = "pyright"
version = "1.1.394"
source = { registry = "https://pypi.org/simple" }
dependencies = [
    { name = "nodeenv" },
    { name = "typing-extensions" },
]
sdist = { url = "https://files.pythonhosted.org/packages/b1/e4/79f4d8a342eed6790fdebdb500e95062f319ee3d7d75ae27304ff995ae8c/pyright-1.1.394.tar.gz", hash = "sha256:56f2a3ab88c5214a451eb71d8f2792b7700434f841ea219119ade7f42ca93608", size = 3809348 }
wheels = [
    { url = "https://files.pythonhosted.org/packages/d6/4c/50c74e3d589517a9712a61a26143b587dba6285434a17aebf2ce6b82d2c3/pyright-1.1.394-py3-none-any.whl", hash = "sha256:5f74cce0a795a295fb768759bbeeec62561215dea657edcaab48a932b031ddbb", size = 5679540 },
]

[[package]]
name = "pytest"
version = "8.3.4"
source = { registry = "https://pypi.org/simple" }
dependencies = [
    { name = "colorama", marker = "sys_platform == 'win32'" },
    { name = "iniconfig" },
    { name = "packaging" },
    { name = "pluggy" },
]
sdist = { url = "https://files.pythonhosted.org/packages/05/35/30e0d83068951d90a01852cb1cef56e5d8a09d20c7f511634cc2f7e0372a/pytest-8.3.4.tar.gz", hash = "sha256:965370d062bce11e73868e0335abac31b4d3de0e82f4007408d242b4f8610761", size = 1445919 }
wheels = [
    { url = "https://files.pythonhosted.org/packages/11/92/76a1c94d3afee238333bc0a42b82935dd8f9cf8ce9e336ff87ee14d9e1cf/pytest-8.3.4-py3-none-any.whl", hash = "sha256:50e16d954148559c9a74109af1eaf0c945ba2d8f30f0a3d3335edde19788b6f6", size = 343083 },
]

[[package]]
name = "python-dateutil"
version = "2.9.0.post0"
source = { registry = "https://pypi.org/simple" }
dependencies = [
    { name = "six" },
]
sdist = { url = "https://files.pythonhosted.org/packages/66/c0/0c8b6ad9f17a802ee498c46e004a0eb49bc148f2fd230864601a86dcf6db/python-dateutil-2.9.0.post0.tar.gz", hash = "sha256:37dd54208da7e1cd875388217d5e00ebd4179249f90fb72437e91a35459a0ad3", size = 342432 }
wheels = [
    { url = "https://files.pythonhosted.org/packages/ec/57/56b9bcc3c9c6a792fcbaf139543cee77261f3651ca9da0c93f5c1221264b/python_dateutil-2.9.0.post0-py2.py3-none-any.whl", hash = "sha256:a8b2bc7bffae282281c8140a97d3aa9c14da0b136dfe83f850eea9a5f7470427", size = 229892 },
]

[[package]]
name = "rapidfuzz"
version = "3.12.1"
source = { registry = "https://pypi.org/simple" }
sdist = { url = "https://files.pythonhosted.org/packages/c9/df/c300ead8c2962f54ad87872e6372a6836f0181a7f20b433c987bd106bfce/rapidfuzz-3.12.1.tar.gz", hash = "sha256:6a98bbca18b4a37adddf2d8201856441c26e9c981d8895491b5bc857b5f780eb", size = 57907552 }
wheels = [
    { url = "https://files.pythonhosted.org/packages/a3/f2/9146cee62060dfe1de4beebe349fe4c007f5de4611cf3fbfb61e4b61b500/rapidfuzz-3.12.1-cp311-cp311-macosx_10_9_x86_64.whl", hash = "sha256:6d9afad7b16d01c9e8929b6a205a18163c7e61b6cd9bcf9c81be77d5afc1067a", size = 1960497 },
    { url = "https://files.pythonhosted.org/packages/3e/54/7fee154f9a00c97b4eb12b223c184ca9be1ec0725b9f9e5e913dc6266c69/rapidfuzz-3.12.1-cp311-cp311-macosx_11_0_arm64.whl", hash = "sha256:bb424ae7240f2d2f7d8dda66a61ebf603f74d92f109452c63b0dbf400204a437", size = 1434283 },
    { url = "https://files.pythonhosted.org/packages/ef/c5/8138e48c1ee31b5bd38facbb78c859e4e58aa306f5f753ffee82166390b7/rapidfuzz-3.12.1-cp311-cp311-manylinux_2_17_aarch64.manylinux2014_aarch64.whl", hash = "sha256:42149e6d13bd6d06437d2a954dae2184dadbbdec0fdb82dafe92860d99f80519", size = 1417803 },
    { url = "https://files.pythonhosted.org/packages/03/0a/be43022744d79f1f0725cb21fe2a9656fb8a509547dbef120b4b335ca9bd/rapidfuzz-3.12.1-cp311-cp311-manylinux_2_17_i686.manylinux2014_i686.whl", hash = "sha256:760ac95d788f2964b73da01e0bdffbe1bf2ad8273d0437565ce9092ae6ad1fbc", size = 5620489 },
    { url = "https://files.pythonhosted.org/packages/21/d8/fa4b5ce056c4c2e2506706058cb14c44b77de897e70396643ea3bfa75ed0/rapidfuzz-3.12.1-cp311-cp311-manylinux_2_17_ppc64le.manylinux2014_ppc64le.whl", hash = "sha256:2cf27e8e4bf7bf9d92ef04f3d2b769e91c3f30ba99208c29f5b41e77271a2614", size = 1671236 },
    { url = "https://files.pythonhosted.org/packages/db/21/5b171401ac92189328ba680a1f68c54c89b18a410d8c865794c433839ea1/rapidfuzz-3.12.1-cp311-cp311-manylinux_2_17_s390x.manylinux2014_s390x.whl", hash = "sha256:00ceb8ff3c44ab0d6014106c71709c85dee9feedd6890eff77c814aa3798952b", size = 1683376 },
    { url = "https://files.pythonhosted.org/packages/1d/ce/f209f437c6df46ba523a6898ebd854b30196650f77dcddf203191f09bf9b/rapidfuzz-3.12.1-cp311-cp311-manylinux_2_17_x86_64.manylinux2014_x86_64.whl", hash = "sha256:b8b61c558574fbc093d85940c3264c08c2b857b8916f8e8f222e7b86b0bb7d12", size = 3139202 },
    { url = "https://files.pythonhosted.org/packages/41/3a/6821bddb2af8412b340a7258c89a7519e7ebece58c6b3027859138bb3142/rapidfuzz-3.12.1-cp311-cp311-musllinux_1_2_aarch64.whl", hash = "sha256:346a2d8f17224e99f9ef988606c83d809d5917d17ad00207237e0965e54f9730", size = 2346575 },
    { url = "https://files.pythonhosted.org/packages/44/db/f76a211e050024f11d0d2b0dfca6378e949d6d81f9bdaac15c7c30280942/rapidfuzz-3.12.1-cp311-cp311-musllinux_1_2_i686.whl", hash = "sha256:d60d1db1b7e470e71ae096b6456e20ec56b52bde6198e2dbbc5e6769fa6797dc", size = 6944232 },
    { url = "https://files.pythonhosted.org/packages/16/a5/670287316f7f3591141c9ab3752f295705547f8075bf1616b76ad8f64069/rapidfuzz-3.12.1-cp311-cp311-musllinux_1_2_ppc64le.whl", hash = "sha256:2477da227e266f9c712f11393182c69a99d3c8007ea27f68c5afc3faf401cc43", size = 2722753 },
    { url = "https://files.pythonhosted.org/packages/ba/68/5be0dfd2b3fc0dfac7f4b251b18121b2809f244f16b2c44a54b0ffa733a6/rapidfuzz-3.12.1-cp311-cp311-musllinux_1_2_s390x.whl", hash = "sha256:8499c7d963ddea8adb6cffac2861ee39a1053e22ca8a5ee9de1197f8dc0275a5", size = 3262227 },
    { url = "https://files.pythonhosted.org/packages/02/c6/a747b4103d3a96b4e5d022326b764d2493190dd5240e4aeb1a791c5a26f9/rapidfuzz-3.12.1-cp311-cp311-musllinux_1_2_x86_64.whl", hash = "sha256:12802e5c4d8ae104fb6efeeb436098325ce0dca33b461c46e8df015c84fbef26", size = 4175381 },
    { url = "https://files.pythonhosted.org/packages/77/72/d5c9d5fe02a0f2b66a0669aafdc8875a4d09e3a77a50d1fc9e524ec098ca/rapidfuzz-3.12.1-cp311-cp311-win32.whl", hash = "sha256:e1061311d07e7cdcffa92c9b50c2ab4192907e70ca01b2e8e1c0b6b4495faa37", size = 1851445 },
    { url = "https://files.pythonhosted.org/packages/12/24/f7bd6618e4f2463f1f3574476a06b8d9041f9c69e431df1ab9c924da5cc3/rapidfuzz-3.12.1-cp311-cp311-win_amd64.whl", hash = "sha256:c6e4ed63e204daa863a802eec09feea5448617981ba5d150f843ad8e3ae071a4", size = 1626995 },
    { url = "https://files.pythonhosted.org/packages/9c/ec/fb8244f3ce12caf3caea54c4f79ab9fac9855beec12beacd7edca7b017a6/rapidfuzz-3.12.1-cp311-cp311-win_arm64.whl", hash = "sha256:920733a28c3af47870835d59ca9879579f66238f10de91d2b4b3f809d1ebfc5b", size = 870216 },
    { url = "https://files.pythonhosted.org/packages/1a/20/6049061411df87f2814a2677db0f15e673bb9795bfeff57dc9708121374d/rapidfuzz-3.12.1-cp312-cp312-macosx_10_13_x86_64.whl", hash = "sha256:f6235b57ae3faa3f85cb3f90c9fee49b21bd671b76e90fc99e8ca2bdf0b5e4a3", size = 1944328 },
    { url = "https://files.pythonhosted.org/packages/25/73/199383c4c21ae3b4b6ea6951c6896ab38e9dc96942462fa01f9d3fb047da/rapidfuzz-3.12.1-cp312-cp312-macosx_11_0_arm64.whl", hash = "sha256:af4585e5812632c357fee5ab781c29f00cd06bea58f8882ff244cc4906ba6c9e", size = 1430203 },
    { url = "https://files.pythonhosted.org/packages/7b/51/77ebaeec5413c53c3e6d8b800f2b979551adbed7b5efa094d1fad5c5b751/rapidfuzz-3.12.1-cp312-cp312-manylinux_2_17_aarch64.manylinux2014_aarch64.whl", hash = "sha256:5942dc4460e5030c5f9e1d4c9383de2f3564a2503fe25e13e89021bcbfea2f44", size = 1403662 },
    { url = "https://files.pythonhosted.org/packages/54/06/1fadd2704db0a7eecf78de812e2f4fab37c4ae105a5ce4578c9fc66bb0c5/rapidfuzz-3.12.1-cp312-cp312-manylinux_2_17_i686.manylinux2014_i686.whl", hash = "sha256:0b31ab59e1a0df5afc21f3109b6cfd77b34040dbf54f1bad3989f885cfae1e60", size = 5555849 },
    { url = "https://files.pythonhosted.org/packages/19/45/da128c3952bd09cef2935df58db5273fc4eb67f04a69dcbf9e25af9e4432/rapidfuzz-3.12.1-cp312-cp312-manylinux_2_17_ppc64le.manylinux2014_ppc64le.whl", hash = "sha256:97c885a7a480b21164f57a706418c9bbc9a496ec6da087e554424358cadde445", size = 1655273 },
    { url = "https://files.pythonhosted.org/packages/03/ee/bf2b2a95b5af4e6d36105dd9284dc5335fdcc7f0326186d4ab0b5aa4721e/rapidfuzz-3.12.1-cp312-cp312-manylinux_2_17_s390x.manylinux2014_s390x.whl", hash = "sha256:2d844c0587d969ce36fbf4b7cbf0860380ffeafc9ac5e17a7cbe8abf528d07bb", size = 1678041 },
    { url = "https://files.pythonhosted.org/packages/7f/4f/36ea4d7f306a23e30ea1a6cabf545d2a794e8ca9603d2ee48384314cde3a/rapidfuzz-3.12.1-cp312-cp312-manylinux_2_17_x86_64.manylinux2014_x86_64.whl", hash = "sha256:a93c95dce8917bf428064c64024de43ffd34ec5949dd4425780c72bd41f9d969", size = 3137099 },
    { url = "https://files.pythonhosted.org/packages/70/ef/48195d94b018e7340a60c9a642ab0081bf9dc64fb0bd01dfafd93757d2a2/rapidfuzz-3.12.1-cp312-cp312-musllinux_1_2_aarch64.whl", hash = "sha256:834f6113d538af358f39296604a1953e55f8eeffc20cb4caf82250edbb8bf679", size = 2307388 },
    { url = "https://files.pythonhosted.org/packages/e5/cd/53d5dbc4791df3e1a8640fc4ad5e328ebb040cc01c10c66f891aa6b83ed5/rapidfuzz-3.12.1-cp312-cp312-musllinux_1_2_i686.whl", hash = "sha256:a940aa71a7f37d7f0daac186066bf6668d4d3b7e7ef464cb50bc7ba89eae1f51", size = 6906504 },
    { url = "https://files.pythonhosted.org/packages/1b/99/c27e7db1d49cfd77780cb73978f81092682c2bdbc6de75363df6aaa086d6/rapidfuzz-3.12.1-cp312-cp312-musllinux_1_2_ppc64le.whl", hash = "sha256:ec9eaf73501c9a7de2c6938cb3050392e2ee0c5ca3921482acf01476b85a7226", size = 2684757 },
    { url = "https://files.pythonhosted.org/packages/02/8c/2474d6282fdd4aae386a6b16272e544a3f9ea2dcdcf2f3b0b286549bc3d5/rapidfuzz-3.12.1-cp312-cp312-musllinux_1_2_s390x.whl", hash = "sha256:3c5ec360694ac14bfaeb6aea95737cf1a6cf805b5fe8ea7fd28814706c7fa838", size = 3229940 },
    { url = "https://files.pythonhosted.org/packages/ac/27/95d5a8ebe5fcc5462dd0fd265553c8a2ec4a770e079afabcff978442bcb3/rapidfuzz-3.12.1-cp312-cp312-musllinux_1_2_x86_64.whl", hash = "sha256:6b5e176524653ac46f1802bdd273a4b44a5f8d0054ed5013a8e8a4b72f254599", size = 4148489 },
    { url = "https://files.pythonhosted.org/packages/8d/2c/e509bc24b6514de4d6f2c5480201568e1d9a3c7e4692cc969ef899227ba5/rapidfuzz-3.12.1-cp312-cp312-win32.whl", hash = "sha256:6f463c6f1c42ec90e45d12a6379e18eddd5cdf74138804d8215619b6f4d31cea", size = 1834110 },
    { url = "https://files.pythonhosted.org/packages/cc/ab/900b8d57090b30269258e3ae31752ec9c31042cd58660fcc96d50728487d/rapidfuzz-3.12.1-cp312-cp312-win_amd64.whl", hash = "sha256:b894fa2b30cd6498a29e5c470cb01c6ea898540b7e048a0342775a5000531334", size = 1612461 },
    { url = "https://files.pythonhosted.org/packages/a0/df/3f51a0a277185b3f28b2941e071aff62908a6b81527efc67a643bcb59fb8/rapidfuzz-3.12.1-cp312-cp312-win_arm64.whl", hash = "sha256:43bb17056c5d1332f517b888c4e57846c4b5f936ed304917eeb5c9ac85d940d4", size = 864251 },
]

[[package]]
name = "ruff"
version = "0.9.7"
source = { registry = "https://pypi.org/simple" }
sdist = { url = "https://files.pythonhosted.org/packages/39/8b/a86c300359861b186f18359adf4437ac8e4c52e42daa9eedc731ef9d5b53/ruff-0.9.7.tar.gz", hash = "sha256:643757633417907510157b206e490c3aa11cab0c087c912f60e07fbafa87a4c6", size = 3669813 }
wheels = [
    { url = "https://files.pythonhosted.org/packages/b1/f3/3a1d22973291226df4b4e2ff70196b926b6f910c488479adb0eeb42a0d7f/ruff-0.9.7-py3-none-linux_armv6l.whl", hash = "sha256:99d50def47305fe6f233eb8dabfd60047578ca87c9dcb235c9723ab1175180f4", size = 11774588 },
    { url = "https://files.pythonhosted.org/packages/8e/c9/b881f4157b9b884f2994fd08ee92ae3663fb24e34b0372ac3af999aa7fc6/ruff-0.9.7-py3-none-macosx_10_12_x86_64.whl", hash = "sha256:d59105ae9c44152c3d40a9c40d6331a7acd1cdf5ef404fbe31178a77b174ea66", size = 11746848 },
    { url = "https://files.pythonhosted.org/packages/14/89/2f546c133f73886ed50a3d449e6bf4af27d92d2f960a43a93d89353f0945/ruff-0.9.7-py3-none-macosx_11_0_arm64.whl", hash = "sha256:f313b5800483770bd540cddac7c90fc46f895f427b7820f18fe1822697f1fec9", size = 11177525 },
    { url = "https://files.pythonhosted.org/packages/d7/93/6b98f2c12bf28ab9def59c50c9c49508519c5b5cfecca6de871cf01237f6/ruff-0.9.7-py3-none-manylinux_2_17_aarch64.manylinux2014_aarch64.whl", hash = "sha256:042ae32b41343888f59c0a4148f103208bf6b21c90118d51dc93a68366f4e903", size = 11996580 },
    { url = "https://files.pythonhosted.org/packages/8e/3f/b3fcaf4f6d875e679ac2b71a72f6691a8128ea3cb7be07cbb249f477c061/ruff-0.9.7-py3-none-manylinux_2_17_armv7l.manylinux2014_armv7l.whl", hash = "sha256:87862589373b33cc484b10831004e5e5ec47dc10d2b41ba770e837d4f429d721", size = 11525674 },
    { url = "https://files.pythonhosted.org/packages/f0/48/33fbf18defb74d624535d5d22adcb09a64c9bbabfa755bc666189a6b2210/ruff-0.9.7-py3-none-manylinux_2_17_i686.manylinux2014_i686.whl", hash = "sha256:a17e1e01bee0926d351a1ee9bc15c445beae888f90069a6192a07a84af544b6b", size = 12739151 },
    { url = "https://files.pythonhosted.org/packages/63/b5/7e161080c5e19fa69495cbab7c00975ef8a90f3679caa6164921d7f52f4a/ruff-0.9.7-py3-none-manylinux_2_17_ppc64.manylinux2014_ppc64.whl", hash = "sha256:7c1f880ac5b2cbebd58b8ebde57069a374865c73f3bf41f05fe7a179c1c8ef22", size = 13416128 },
    { url = "https://files.pythonhosted.org/packages/4e/c8/b5e7d61fb1c1b26f271ac301ff6d9de5e4d9a9a63f67d732fa8f200f0c88/ruff-0.9.7-py3-none-manylinux_2_17_ppc64le.manylinux2014_ppc64le.whl", hash = "sha256:e63fc20143c291cab2841dbb8260e96bafbe1ba13fd3d60d28be2c71e312da49", size = 12870858 },
    { url = "https://files.pythonhosted.org/packages/da/cb/2a1a8e4e291a54d28259f8fc6a674cd5b8833e93852c7ef5de436d6ed729/ruff-0.9.7-py3-none-manylinux_2_17_s390x.manylinux2014_s390x.whl", hash = "sha256:91ff963baed3e9a6a4eba2a02f4ca8eaa6eba1cc0521aec0987da8d62f53cbef", size = 14786046 },
    { url = "https://files.pythonhosted.org/packages/ca/6c/c8f8a313be1943f333f376d79724260da5701426c0905762e3ddb389e3f4/ruff-0.9.7-py3-none-manylinux_2_17_x86_64.manylinux2014_x86_64.whl", hash = "sha256:88362e3227c82f63eaebf0b2eff5b88990280fb1ecf7105523883ba8c3aaf6fb", size = 12550834 },
    { url = "https://files.pythonhosted.org/packages/9d/ad/f70cf5e8e7c52a25e166bdc84c082163c9c6f82a073f654c321b4dff9660/ruff-0.9.7-py3-none-musllinux_1_2_aarch64.whl", hash = "sha256:0372c5a90349f00212270421fe91874b866fd3626eb3b397ede06cd385f6f7e0", size = 11961307 },
    { url = "https://files.pythonhosted.org/packages/52/d5/4f303ea94a5f4f454daf4d02671b1fbfe2a318b5fcd009f957466f936c50/ruff-0.9.7-py3-none-musllinux_1_2_armv7l.whl", hash = "sha256:d76b8ab60e99e6424cd9d3d923274a1324aefce04f8ea537136b8398bbae0a62", size = 11612039 },
    { url = "https://files.pythonhosted.org/packages/eb/c8/bd12a23a75603c704ce86723be0648ba3d4ecc2af07eecd2e9fa112f7e19/ruff-0.9.7-py3-none-musllinux_1_2_i686.whl", hash = "sha256:0c439bdfc8983e1336577f00e09a4e7a78944fe01e4ea7fe616d00c3ec69a3d0", size = 12168177 },
    { url = "https://files.pythonhosted.org/packages/cc/57/d648d4f73400fef047d62d464d1a14591f2e6b3d4a15e93e23a53c20705d/ruff-0.9.7-py3-none-musllinux_1_2_x86_64.whl", hash = "sha256:115d1f15e8fdd445a7b4dc9a30abae22de3f6bcabeb503964904471691ef7606", size = 12610122 },
    { url = "https://files.pythonhosted.org/packages/49/79/acbc1edd03ac0e2a04ae2593555dbc9990b34090a9729a0c4c0cf20fb595/ruff-0.9.7-py3-none-win32.whl", hash = "sha256:e9ece95b7de5923cbf38893f066ed2872be2f2f477ba94f826c8defdd6ec6b7d", size = 9988751 },
    { url = "https://files.pythonhosted.org/packages/6d/95/67153a838c6b6ba7a2401241fd8a00cd8c627a8e4a0491b8d853dedeffe0/ruff-0.9.7-py3-none-win_amd64.whl", hash = "sha256:3770fe52b9d691a15f0b87ada29c45324b2ace8f01200fb0c14845e499eb0c2c", size = 11002987 },
    { url = "https://files.pythonhosted.org/packages/63/6a/aca01554949f3a401991dc32fe22837baeaccb8a0d868256cbb26a029778/ruff-0.9.7-py3-none-win_arm64.whl", hash = "sha256:b075a700b2533feb7a01130ff656a4ec0d5f340bb540ad98759b8401c32c2037", size = 10177763 },
]

[[package]]
name = "six"
version = "1.17.0"
source = { registry = "https://pypi.org/simple" }
sdist = { url = "https://files.pythonhosted.org/packages/94/e7/b2c673351809dca68a0e064b6af791aa332cf192da575fd474ed7d6f16a2/six-1.17.0.tar.gz", hash = "sha256:ff70335d468e7eb6ec65b95b99d3a2836546063f63acc5171de367e834932a81", size = 34031 }
wheels = [
    { url = "https://files.pythonhosted.org/packages/b7/ce/149a00dd41f10bc29e5921b496af8b574d8413afcd5e30dfa0ed46c2cc5e/six-1.17.0-py2.py3-none-any.whl", hash = "sha256:4721f391ed90541fddacab5acf947aa0d3dc7d27b2e1e8eda2be8970586c3274", size = 11050 },
]

[[package]]
name = "typing-extensions"
version = "4.12.2"
source = { registry = "https://pypi.org/simple" }
sdist = { url = "https://files.pythonhosted.org/packages/df/db/f35a00659bc03fec321ba8bce9420de607a1d37f8342eee1863174c69557/typing_extensions-4.12.2.tar.gz", hash = "sha256:1a7ead55c7e559dd4dee8856e3a88b41225abfe1ce8df57b7c13915fe121ffb8", size = 85321 }
wheels = [
    { url = "https://files.pythonhosted.org/packages/26/9f/ad63fc0248c5379346306f8668cda6e2e2e9c95e01216d2b8ffd9ff037d0/typing_extensions-4.12.2-py3-none-any.whl", hash = "sha256:04e5ca0351e0f3f85c6853954072df659d0d13fac324d0072316b67d7794700d", size = 37438 },
]

[[package]]
name = "v6e"
version = "0.1.17"
source = { registry = "https://pypi.org/simple" }
dependencies = [
    { name = "python-dateutil" },
    { name = "typing-extensions" },
]
sdist = { url = "https://files.pythonhosted.org/packages/c6/9f/aad469432e0b3809f511874883a9d7b437115dbb2a59af47ffc46d53eb38/v6e-0.1.17.tar.gz", hash = "sha256:202c588ad64e4d65abe341c104790a49ec5780c24dca630848ed070e030d2133", size = 21899 }
wheels = [
    { url = "https://files.pythonhosted.org/packages/33/56/4e6c6b7df5b35932c8533712458d60ef899cc29cab9a1e8aa9e53caf86f8/v6e-0.1.17-py3-none-any.whl", hash = "sha256:a3cf31842207b915e4e2a51a1b9b2f7a7668c9dd9eaca77b743ab6a36f8977f1", size = 12095 },
]
