{
  "lockfile_version": "1",
  "packages": {
    "github:NixOS/nixpkgs/nixpkgs-unstable": {
      "resolved": "github:NixOS/nixpkgs/199169a2135e6b864a888e89a2ace345703c025d?lastModified=1740791350&narHash=sha256-igS2Z4tVw5W%2Fx3lCZeeadt0vcU9fxtetZ%2FRyrqsCRQ0%3D"
    },
    "libiconv@latest": {
      "last_modified": "2025-02-07T11:26:36Z",
      "resolved": "github:NixOS/nixpkgs/d98abf5cf5914e5e4e9d57205e3af55ca90ffc1d#libiconv",
      "source": "devbox-search",
      "version": "2.40",
      "systems": {
        "aarch64-linux": {
          "outputs": [
            {
              "name": "out",
              "path": "/nix/store/c9fb1rxyiw3qamh4l57r2qj7h44gx19s-glibc-iconv-2.40",
              "default": true
            }
          ],
          "store_path": "/nix/store/c9fb1rxyiw3qamh4l57r2qj7h44gx19s-glibc-iconv-2.40"
        },
        "x86_64-linux": {
          "outputs": [
            {
              "name": "out",
              "path": "/nix/store/ir5078058nmc9rx6w0r4mk7jkzqxjqsz-glibc-iconv-2.40",
              "default": true
            }
          ],
          "store_path": "/nix/store/ir5078058nmc9rx6w0r4mk7jkzqxjqsz-glibc-iconv-2.40"
        }
      }
    },
    "rustup@latest": {
      "last_modified": "2025-02-07T11:26:36Z",
      "plugin_version": "0.0.1",
      "resolved": "github:NixOS/nixpkgs/d98abf5cf5914e5e4e9d57205e3af55ca90ffc1d#rustup",
      "source": "devbox-search",
      "version": "1.27.1",
      "systems": {
        "aarch64-darwin": {
          "outputs": [
            {
              "name": "out",
              "path": "/nix/store/9b8v9lji5gjw5cj7f2nv3l184zyg0m3a-rustup-1.27.1",
              "default": true
            }
          ],
          "store_path": "/nix/store/9b8v9lji5gjw5cj7f2nv3l184zyg0m3a-rustup-1.27.1"
        },
        "aarch64-linux": {
          "outputs": [
            {
              "name": "out",
              "path": "/nix/store/d2g7zcymlvc5cjqcdpbqgrzzg2swwzik-rustup-1.27.1",
              "default": true
            }
          ],
          "store_path": "/nix/store/d2g7zcymlvc5cjqcdpbqgrzzg2swwzik-rustup-1.27.1"
        },
        "x86_64-darwin": {
          "outputs": [
            {
              "name": "out",
              "path": "/nix/store/sfmv13w9bqvnx03xshiwx387zwffh2iq-rustup-1.27.1",
              "default": true
            }
          ],
          "store_path": "/nix/store/sfmv13w9bqvnx03xshiwx387zwffh2iq-rustup-1.27.1"
        },
        "x86_64-linux": {
          "outputs": [
            {
              "name": "out",
              "path": "/nix/store/dqz7ghl1i46i8nswvkkl3h3jbhxkbchg-rustup-1.27.1",
              "default": true
            }
          ],
          "store_path": "/nix/store/dqz7ghl1i46i8nswvkkl3h3jbhxkbchg-rustup-1.27.1"
        }
      }
    },
    "uv@latest": {
      "last_modified": "2025-02-26T05:29:08Z",
      "resolved": "github:NixOS/nixpkgs/3a05eebede89661660945da1f151959900903b6a#uv",
      "source": "devbox-search",
      "version": "0.6.3",
      "systems": {
        "aarch64-darwin": {
          "outputs": [
            {
              "name": "out",
              "path": "/nix/store/ggkfphls3j4npq7ziviqabl33gly4ma4-uv-0.6.3",
              "default": true
            }
          ],
          "store_path": "/nix/store/ggkfphls3j4npq7ziviqabl33gly4ma4-uv-0.6.3"
        },
        "aarch64-linux": {
          "outputs": [
            {
              "name": "out",
              "path": "/nix/store/yzacw5z4mbbnhqyp49mj2q4bdahrzj27-uv-0.6.3",
              "default": true
            }
          ],
          "store_path": "/nix/store/yzacw5z4mbbnhqyp49mj2q4bdahrzj27-uv-0.6.3"
        },
        "x86_64-darwin": {
          "outputs": [
            {
              "name": "out",
              "path": "/nix/store/ppchmxl2vivavg3842gpqbsppj38jqw8-uv-0.6.3",
              "default": true
            }
          ],
          "store_path": "/nix/store/ppchmxl2vivavg3842gpqbsppj38jqw8-uv-0.6.3"
        },
        "x86_64-linux": {
          "outputs": [
            {
              "name": "out",
              "path": "/nix/store/7hd62phgfp42m1bvmm0c82vnmv3x0yl8-uv-0.6.3",
              "default": true
            }
          ],
          "store_path": "/nix/store/7hd62phgfp42m1bvmm0c82vnmv3x0yl8-uv-0.6.3"
        }
      }
    }
  }
}
