version = 1
requires-python = ">=3"
resolution-markers = [
    "python_full_version >= '3.8'",
    "python_full_version == '3.7.*'",
    "python_full_version == '3.6.*'",
    "python_full_version < '3.6'",
]

[[package]]
name = "maturin"
version = "0.11.4"
source = { registry = "https://pypi.org/simple" }
resolution-markers = [
    "python_full_version < '3.6'",
]
dependencies = [
    { name = "toml", marker = "python_full_version < '3.6'" },
]
sdist = { url = "https://files.pythonhosted.org/packages/20/40/ee611f60778d6a163e7e666c335344c7fc66d29a363e03314bf099164d20/maturin-0.11.4.tar.gz", hash = "sha256:b1cd9c35c911a11532c1182d35041cda0602f470cab8d76124ca049c8bba896a", size = 468842 }
wheels = [
    { url = "https://files.pythonhosted.org/packages/42/6a/366fd6bab6d8e4b0fa98562a1263822ede4ebb9be400d6fc293a6519f4e9/maturin-0.11.4-py3-none-macosx_10_7_x86_64.whl", hash = "sha256:9c4eb3b7a6399cdb3b098095037eb26da0242c1bd48b5067ef48e1204e7ba7ba", size = 5433836 },
    { url = "https://files.pythonhosted.org/packages/88/55/2a7bafafb7c941775f2e155bb7e24a9fe1a0a2ae0df48bffdc7dc6ccba1a/maturin-0.11.4-py3-none-macosx_10_9_x86_64.macosx_11_0_arm64.macosx_10_9_universal2.whl", hash = "sha256:e3e5bfff69074ee307df661678ef94cfe3048afe4cf34bea19446701f67af4eb", size = 10396086 },
    { url = "https://files.pythonhosted.org/packages/6e/34/246202c1a7ce744a83d8ac449159ee3e7c826c261370e02332ff57cd4ba7/maturin-0.11.4-py3-none-manylinux_2_12_i686.manylinux2010_i686.whl", hash = "sha256:f9fbc687bf363717d09d9dfbc4c57f627ef0b74273089ac10ed2418a98d0681e", size = 5649129 },
    { url = "https://files.pythonhosted.org/packages/51/ef/3fd6fd953b6b25ff8fe55ccb1171c63420c776e7980291cc7d86b7a450f9/maturin-0.11.4-py3-none-manylinux_2_17_aarch64.manylinux2014_aarch64.whl", hash = "sha256:580f1e3a05f66b5eb4b73615a40563237f0b611884a75fc6fa98b423ccd46a4c", size = 4944853 },
    { url = "https://files.pythonhosted.org/packages/79/c4/f056fcd1e837e950d6b68be527ab1079494d43b15da83fa0842e0d2a473b/maturin-0.11.4-py3-none-manylinux_2_17_armv7l.manylinux2014_armv7l.whl", hash = "sha256:c8b1899391bcec7b47bd4423231d4df214538d3f1f1ad709af958751b6480afd", size = 4890526 },
    { url = "https://files.pythonhosted.org/packages/2a/c3/74832e59cd2c7c02ae69b3ffdac3e62741313d4ed4ff4b6ff7b42998078d/maturin-0.11.4-py3-none-manylinux_2_17_ppc64le.manylinux2014_ppc64le.whl", hash = "sha256:80d728c9741f012c2afd1b516309eaca986bd6734b8e711d3f560b8c1d02d8c3", size = 5282405 },
    { url = "https://files.pythonhosted.org/packages/57/a9/c3b3fa71126a1123d64709386787b2d2097471c94e322587fb1af20f638c/maturin-0.11.4-py3-none-manylinux_2_17_s390x.manylinux2014_s390x.whl", hash = "sha256:1e1c8db8eb1e9edf6adfb21e8fd0a0080ae770ef3ac3e71cd961caf970f043c7", size = 5866126 },
    { url = "https://files.pythonhosted.org/packages/b2/d3/b373f909f3bf81c88d0e9563680ccf1ef6b0b5d4557ccd692c3cdcaeb4e0/maturin-0.11.4-py3-none-manylinux_2_5_x86_64.manylinux1_x86_64.whl", hash = "sha256:b606da2839a2095c425086a2fc32bcdf108fb8491ef7cce998a8599f3d6ce057", size = 5627324 },
    { url = "https://files.pythonhosted.org/packages/a8/5c/c6e5d93dfb6ec2dc04c8d4be51f36b710b38e61767b10ceb81ad09255b48/maturin-0.11.4-py3-none-win32.whl", hash = "sha256:04fcb8de4a7667500aa40fd97ac853776e8f5872d0776ab50cfa499b53e32bd6", size = 5182922 },
    { url = "https://files.pythonhosted.org/packages/9f/72/9d36ff110db040523a166d3f29e903a0becfc8ab37a56068d77c3eacd5f3/maturin-0.11.4-py3-none-win_amd64.whl", hash = "sha256:e7897fcbafdc90a356814a54833a3ca81fd27e97a02c763addf122a5c6dcbc75", size = 5609581 },
]

[[package]]
name = "maturin"
version = "0.12.20"
source = { registry = "https://pypi.org/simple" }
resolution-markers = [
    "python_full_version == '3.6.*'",
]
dependencies = [
    { name = "tomli", version = "1.2.3", source = { registry = "https://pypi.org/simple" }, marker = "python_full_version == '3.6.*'" },
]
sdist = { url = "https://files.pythonhosted.org/packages/39/ba/fec598956393230341def42367c6ad0efbee6ddc899f8858e5b25a7f37a5/maturin-0.12.20.tar.gz", hash = "sha256:62ef15831f14330aa426c2ccc475c5b8d473bb52731e478e0cb9ab37e137d758", size = 156868 }
wheels = [
    { url = "https://files.pythonhosted.org/packages/1a/eb/b6983396ce7dcdf0ba0d8a6ad9eec98c7b0b166fb2995b4b71cc7199cdb5/maturin-0.12.20-py3-none-macosx_10_7_x86_64.whl", hash = "sha256:d4ced017aa26dd88ce228a21e8f049b7c6f9b40c873e90fb7bec60f49b93fe55", size = 6753190 },
    { url = "https://files.pythonhosted.org/packages/27/6f/1e10997cba996f0e27985351eaeb1dcad2f69e5d42223e5a24682872881b/maturin-0.12.20-py3-none-macosx_10_9_x86_64.macosx_11_0_arm64.macosx_10_9_universal2.whl", hash = "sha256:83e7b4bcb3f30523bd951d858fc6508fef85e33840e3c8947a0b36c3dd73532a", size = 13039607 },
    { url = "https://files.pythonhosted.org/packages/2f/0b/507e2b3706753ef6cd9be3f4fd6273ed4838fa15c93906a601ee897f5391/maturin-0.12.20-py3-none-manylinux_2_12_i686.manylinux2010_i686.musllinux_1_1_i686.whl", hash = "sha256:3ea8b7976d2ed35ca6d799ead19667afef9a50f806a7f090721cea7513cb6166", size = 9802132 },
    { url = "https://files.pythonhosted.org/packages/cf/b0/19e5189feb5bcf004375c24b46292064fc01950cd1a2654ae46f47ef093d/maturin-0.12.20-py3-none-manylinux_2_12_x86_64.manylinux2010_x86_64.musllinux_1_1_x86_64.whl", hash = "sha256:ac3b6ae80adfd2ddb581d78ac695abfeb1e222bf122f0f8cb04ab2bae47046b1", size = 9594953 },
    { url = "https://files.pythonhosted.org/packages/d6/48/44e8fc65c0b800dfb396b5dadfbde62185e296122f5f86d0214790be9a23/maturin-0.12.20-py3-none-manylinux_2_17_aarch64.manylinux2014_aarch64.musllinux_1_1_aarch64.whl", hash = "sha256:79a26abbbbdb78958894837663e18e39c36635bcc0674ed40217b3519c488115", size = 9261420 },
    { url = "https://files.pythonhosted.org/packages/6a/96/fa9e0ab15fb057b14dae84bdc0ce557fed50ea59fcfcee942164fb591d5b/maturin-0.12.20-py3-none-manylinux_2_17_armv7l.manylinux2014_armv7l.musllinux_1_1_armv7l.whl", hash = "sha256:6e2e1cd499599e70db72512fe1bf03b6e362af572051c8a8a255282c17800cfb", size = 9284381 },
    { url = "https://files.pythonhosted.org/packages/36/bc/94663a4847a60d4e686cbb47bd66579d3b85e3309cc7eff1e779baf2ec26/maturin-0.12.20-py3-none-manylinux_2_17_ppc64le.manylinux2014_ppc64le.musllinux_1_1_ppc64le.whl", hash = "sha256:7ee333b400d0ac6055c89bd82817e7f1360502f9f5089a196470e5f063af6afc", size = 8416719 },
    { url = "https://files.pythonhosted.org/packages/39/29/3d361f2cc6eb090431fcc540bcabd593860d30d48539fef8db158dbcf7ef/maturin-0.12.20-py3-none-manylinux_2_17_s390x.manylinux2014_s390x.whl", hash = "sha256:41fc10a85f9e32bbf301004179d96f316f41dfebb01770c19420fe783acd6612", size = 9860893 },
    { url = "https://files.pythonhosted.org/packages/db/e9/847cfdcae89e09de11dcaccb4ffd5550393db4e4d49749c18895b096cabe/maturin-0.12.20-py3-none-win32.whl", hash = "sha256:cb2a82d019585f4ca5a49bf56cded757a13e960617b334d601b837b78f84b960", size = 5474547 },
    { url = "https://files.pythonhosted.org/packages/99/4d/abba5b84390e4ad5232e68528eac9d7c8782fe69ae20b7547fda0f3fbd78/maturin-0.12.20-py3-none-win_amd64.whl", hash = "sha256:b170594180ddb6144b943a02f57b649deb7d580251c14f2f41546d5e0c876e04", size = 5982234 },
    { url = "https://files.pythonhosted.org/packages/51/e4/6f4b4be620492930aca80200eb94f58cb1e1465673bf310d969999dacd9f/maturin-0.12.20-py3-none-win_arm64.whl", hash = "sha256:b6b671c50dfa01094c9327ddb713ea3d4a24034552e898479503eb0e924b12ef", size = 5192013 },
]

[[package]]
name = "maturin"
version = "1.8.2"
source = { registry = "https://pypi.org/simple" }
resolution-markers = [
    "python_full_version >= '3.8'",
    "python_full_version == '3.7.*'",
]
dependencies = [
    { name = "tomli", version = "2.0.1", source = { registry = "https://pypi.org/simple" }, marker = "python_full_version == '3.7.*'" },
    { name = "tomli", version = "2.2.1", source = { registry = "https://pypi.org/simple" }, marker = "python_full_version >= '3.8' and python_full_version < '3.11'" },
]
sdist = { url = "https://files.pythonhosted.org/packages/e0/8f/6978427ce3f72b189012e1731d1d2d27b3151caa741666c905320e0a3662/maturin-1.8.2.tar.gz", hash = "sha256:e31abc70f6f93285d6e63d2f4459c079c94c259dd757370482d2d4ceb9ec1fa0", size = 199276 }
wheels = [
    { url = "https://files.pythonhosted.org/packages/67/7a/8fbcaf8f29e583567b21512aa56012fbe5f3e4293ae18a768f4106d584d5/maturin-1.8.2-py3-none-linux_armv6l.whl", hash = "sha256:174cb81c573c4a74be96b4e4469ac84e543cff75850fe2728a8eebb5f4d7b613", size = 7676631 },
    { url = "https://files.pythonhosted.org/packages/c8/88/e17f71a34d4c99558e33c2c3de2c53c4ec01e3fa1c931ba0a8cdc805ebc5/maturin-1.8.2-py3-none-macosx_10_12_x86_64.macosx_11_0_arm64.macosx_10_12_universal2.whl", hash = "sha256:63ff7f612da90a26838a9c03aa8a80bab8b4e26f63e3df6ddb0e818394eb0aeb", size = 15126750 },
    { url = "https://files.pythonhosted.org/packages/cb/fa/aab9005b0edaeb04a47cc47b07fa4afa25484d2f72217b276e2a446b795f/maturin-1.8.2-py3-none-macosx_10_12_x86_64.whl", hash = "sha256:c91504b4f05b07d0a9fb47c2a2a39c074328b6bc8f252190240e431f5f7ea8d7", size = 7885398 },
    { url = "https://files.pythonhosted.org/packages/24/59/0f12db41e683d82a48f92ac5499c89faa416036b3c3a7379b71aa1ce0ccb/maturin-1.8.2-py3-none-manylinux_2_12_i686.manylinux2010_i686.musllinux_1_1_i686.whl", hash = "sha256:05e3a2aa9611afa5e1205dfa1434607f9d8e223d613a8a7c85540a159af688c0", size = 7754886 },
    { url = "https://files.pythonhosted.org/packages/03/94/b9cb42cb5706389692b24f4691645e0b980708e46c9f008e89f4bb92a497/maturin-1.8.2-py3-none-manylinux_2_12_x86_64.manylinux2010_x86_64.musllinux_1_1_x86_64.whl", hash = "sha256:b408093e49d6d4ab98066eefd0fac64b01eb7af639e9b3151660c5fa96ce147c", size = 8226047 },
    { url = "https://files.pythonhosted.org/packages/1e/38/63c8198a626407b1cefa37670f9d995616249f541ed9616252895bb2710b/maturin-1.8.2-py3-none-manylinux_2_17_aarch64.manylinux2014_aarch64.musllinux_1_1_aarch64.whl", hash = "sha256:638c66616f9b10060197c48d9e1eedf444d975699d9cd829138e69014554cda7", size = 7485993 },
    { url = "https://files.pythonhosted.org/packages/d3/f3/8d7308902ab190a71c80bda92f3b72d446067fdf40a4c29d5de8e379f598/maturin-1.8.2-py3-none-manylinux_2_17_armv7l.manylinux2014_armv7l.musllinux_1_1_armv7l.whl", hash = "sha256:c2001b5c57e0dbf5992be56b93ffa897d4bcd0d6ca3de448e381b621225d4d87", size = 7570380 },
    { url = "https://files.pythonhosted.org/packages/06/49/5458df84167506023b934b71488e75aa4a2f9af005f5659d9915adedca55/maturin-1.8.2-py3-none-manylinux_2_17_ppc64le.manylinux2014_ppc64le.musllinux_1_1_ppc64le.whl", hash = "sha256:e015a5534aefb568b96a9cc7bc58995b1d90b5e2a44455d79e4f073a88cb0c83", size = 9811532 },
    { url = "https://files.pythonhosted.org/packages/d9/52/deb373d1a046287e6f77146204524adbf70184c5510ed95aab882570c69d/maturin-1.8.2-py3-none-manylinux_2_17_s390x.manylinux2014_s390x.whl", hash = "sha256:5e624f73cb7fbfd8042e8c5cc5c11f58bede23a7931ea3ea9839812f5bd362fc", size = 10910211 },
    { url = "https://files.pythonhosted.org/packages/da/b8/f0475031de5f5328c8b2bbb9b50503a6b0a58b3c5cbe50a656c418ca7435/maturin-1.8.2-py3-none-win32.whl", hash = "sha256:4a62268975f98885a04ae9f0df875b304e4f8c1f0d989e8a7ab18e42793126ee", size = 6980868 },
    { url = "https://files.pythonhosted.org/packages/a2/f3/a67264d4ae3bf61a73abf616eba59543e0c8d182a77230703380f1858494/maturin-1.8.2-py3-none-win_amd64.whl", hash = "sha256:b6b29811013056f46a1e0b7f26907ae080028be65102d4fb23fbdf86847fffbd", size = 7886565 },
    { url = "https://files.pythonhosted.org/packages/5e/df/3641646696277249407c923795825176403c208a6553e0fd21b6764038b5/maturin-1.8.2-py3-none-win_arm64.whl", hash = "sha256:4232c2380faf61862d27269c6acf14e1d542c4ba64086a3f5c356d6e5e4823e7", size = 6656754 },
]

[[package]]
name = "serde-xyz"
version = "0.2.0"
source = { editable = "." }

[package.dev-dependencies]
dev = [
    { name = "maturin", version = "0.11.4", source = { registry = "https://pypi.org/simple" }, marker = "python_full_version < '3.6'" },
    { name = "maturin", version = "0.12.20", source = { registry = "https://pypi.org/simple" }, marker = "python_full_version == '3.6.*'" },
    { name = "maturin", version = "1.8.2", source = { registry = "https://pypi.org/simple" }, marker = "python_full_version >= '3.7'" },
]

[package.metadata]

[package.metadata.requires-dev]
dev = [{ name = "maturin", specifier = ">=0.11.4" }]

[[package]]
name = "toml"
version = "0.10.2"
source = { registry = "https://pypi.org/simple" }
sdist = { url = "https://files.pythonhosted.org/packages/be/ba/1f744cdc819428fc6b5084ec34d9b30660f6f9daaf70eead706e3203ec3c/toml-0.10.2.tar.gz", hash = "sha256:b3bda1d108d5dd99f4a20d24d9c348e91c4db7ab1b749200bded2f839ccbe68f", size = 22253 }
wheels = [
    { url = "https://files.pythonhosted.org/packages/44/6f/7120676b6d73228c96e17f1f794d8ab046fc910d781c8d151120c3f1569e/toml-0.10.2-py2.py3-none-any.whl", hash = "sha256:806143ae5bfb6a3c6e736a764057db0e6a0e05e338b5630894a5f779cabb4f9b", size = 16588 },
]

[[package]]
name = "tomli"
version = "1.2.3"
source = { registry = "https://pypi.org/simple" }
resolution-markers = [
    "python_full_version == '3.6.*'",
]
sdist = { url = "https://files.pythonhosted.org/packages/fb/2e/d0a8276b0cf9b9e34fd0660c330acc59656f53bb2209adc75af863a3582d/tomli-1.2.3.tar.gz", hash = "sha256:05b6166bff487dc068d322585c7ea4ef78deed501cc124060e0f238e89a9231f", size = 15094 }
wheels = [
    { url = "https://files.pythonhosted.org/packages/05/e4/74f9440db36734d7ba83c574c1e7024009ce849208a41f90e94a134dc6d1/tomli-1.2.3-py3-none-any.whl", hash = "sha256:e3069e4be3ead9668e21cb9b074cd948f7b3113fd9c8bba083f48247aab8b11c", size = 12122 },
]

[[package]]
name = "tomli"
version = "2.0.1"
source = { registry = "https://pypi.org/simple" }
resolution-markers = [
    "python_full_version == '3.7.*'",
]
sdist = { url = "https://files.pythonhosted.org/packages/c0/3f/d7af728f075fb08564c5949a9c95e44352e23dee646869fa104a3b2060a3/tomli-2.0.1.tar.gz", hash = "sha256:de526c12914f0c550d15924c62d72abc48d6fe7364aa87328337a31007fe8a4f", size = 15164 }
wheels = [
    { url = "https://files.pythonhosted.org/packages/97/75/10a9ebee3fd790d20926a90a2547f0bf78f371b2f13aa822c759680ca7b9/tomli-2.0.1-py3-none-any.whl", hash = "sha256:939de3e7a6161af0c887ef91b7d41a53e7c5a1ca976325f429cb46ea9bc30ecc", size = 12757 },
]

[[package]]
name = "tomli"
version = "2.2.1"
source = { registry = "https://pypi.org/simple" }
resolution-markers = [
    "python_full_version >= '3.8'",
]
sdist = { url = "https://files.pythonhosted.org/packages/18/87/302344fed471e44a87289cf4967697d07e532f2421fdaf868a303cbae4ff/tomli-2.2.1.tar.gz", hash = "sha256:cd45e1dc79c835ce60f7404ec8119f2eb06d38b1deba146f07ced3bbc44505ff", size = 17175 }
wheels = [
    { url = "https://files.pythonhosted.org/packages/43/ca/75707e6efa2b37c77dadb324ae7d9571cb424e61ea73fad7c56c2d14527f/tomli-2.2.1-cp311-cp311-macosx_10_9_x86_64.whl", hash = "sha256:678e4fa69e4575eb77d103de3df8a895e1591b48e740211bd1067378c69e8249", size = 131077 },
    { url = "https://files.pythonhosted.org/packages/c7/16/51ae563a8615d472fdbffc43a3f3d46588c264ac4f024f63f01283becfbb/tomli-2.2.1-cp311-cp311-macosx_11_0_arm64.whl", hash = "sha256:023aa114dd824ade0100497eb2318602af309e5a55595f76b626d6d9f3b7b0a6", size = 123429 },
    { url = "https://files.pythonhosted.org/packages/f1/dd/4f6cd1e7b160041db83c694abc78e100473c15d54620083dbd5aae7b990e/tomli-2.2.1-cp311-cp311-manylinux_2_17_aarch64.manylinux2014_aarch64.whl", hash = "sha256:ece47d672db52ac607a3d9599a9d48dcb2f2f735c6c2d1f34130085bb12b112a", size = 226067 },
    { url = "https://files.pythonhosted.org/packages/a9/6b/c54ede5dc70d648cc6361eaf429304b02f2871a345bbdd51e993d6cdf550/tomli-2.2.1-cp311-cp311-manylinux_2_17_x86_64.manylinux2014_x86_64.whl", hash = "sha256:6972ca9c9cc9f0acaa56a8ca1ff51e7af152a9f87fb64623e31d5c83700080ee", size = 236030 },
    { url = "https://files.pythonhosted.org/packages/1f/47/999514fa49cfaf7a92c805a86c3c43f4215621855d151b61c602abb38091/tomli-2.2.1-cp311-cp311-manylinux_2_5_i686.manylinux1_i686.manylinux_2_17_i686.manylinux2014_i686.whl", hash = "sha256:c954d2250168d28797dd4e3ac5cf812a406cd5a92674ee4c8f123c889786aa8e", size = 240898 },
    { url = "https://files.pythonhosted.org/packages/73/41/0a01279a7ae09ee1573b423318e7934674ce06eb33f50936655071d81a24/tomli-2.2.1-cp311-cp311-musllinux_1_2_aarch64.whl", hash = "sha256:8dd28b3e155b80f4d54beb40a441d366adcfe740969820caf156c019fb5c7ec4", size = 229894 },
    { url = "https://files.pythonhosted.org/packages/55/18/5d8bc5b0a0362311ce4d18830a5d28943667599a60d20118074ea1b01bb7/tomli-2.2.1-cp311-cp311-musllinux_1_2_i686.whl", hash = "sha256:e59e304978767a54663af13c07b3d1af22ddee3bb2fb0618ca1593e4f593a106", size = 245319 },
    { url = "https://files.pythonhosted.org/packages/92/a3/7ade0576d17f3cdf5ff44d61390d4b3febb8a9fc2b480c75c47ea048c646/tomli-2.2.1-cp311-cp311-musllinux_1_2_x86_64.whl", hash = "sha256:33580bccab0338d00994d7f16f4c4ec25b776af3ffaac1ed74e0b3fc95e885a8", size = 238273 },
    { url = "https://files.pythonhosted.org/packages/72/6f/fa64ef058ac1446a1e51110c375339b3ec6be245af9d14c87c4a6412dd32/tomli-2.2.1-cp311-cp311-win32.whl", hash = "sha256:465af0e0875402f1d226519c9904f37254b3045fc5084697cefb9bdde1ff99ff", size = 98310 },
    { url = "https://files.pythonhosted.org/packages/6a/1c/4a2dcde4a51b81be3530565e92eda625d94dafb46dbeb15069df4caffc34/tomli-2.2.1-cp311-cp311-win_amd64.whl", hash = "sha256:2d0f2fdd22b02c6d81637a3c95f8cd77f995846af7414c5c4b8d0545afa1bc4b", size = 108309 },
    { url = "https://files.pythonhosted.org/packages/52/e1/f8af4c2fcde17500422858155aeb0d7e93477a0d59a98e56cbfe75070fd0/tomli-2.2.1-cp312-cp312-macosx_10_13_x86_64.whl", hash = "sha256:4a8f6e44de52d5e6c657c9fe83b562f5f4256d8ebbfe4ff922c495620a7f6cea", size = 132762 },
    { url = "https://files.pythonhosted.org/packages/03/b8/152c68bb84fc00396b83e7bbddd5ec0bd3dd409db4195e2a9b3e398ad2e3/tomli-2.2.1-cp312-cp312-macosx_11_0_arm64.whl", hash = "sha256:8d57ca8095a641b8237d5b079147646153d22552f1c637fd3ba7f4b0b29167a8", size = 123453 },
    { url = "https://files.pythonhosted.org/packages/c8/d6/fc9267af9166f79ac528ff7e8c55c8181ded34eb4b0e93daa767b8841573/tomli-2.2.1-cp312-cp312-manylinux_2_17_aarch64.manylinux2014_aarch64.whl", hash = "sha256:4e340144ad7ae1533cb897d406382b4b6fede8890a03738ff1683af800d54192", size = 233486 },
    { url = "https://files.pythonhosted.org/packages/5c/51/51c3f2884d7bab89af25f678447ea7d297b53b5a3b5730a7cb2ef6069f07/tomli-2.2.1-cp312-cp312-manylinux_2_17_x86_64.manylinux2014_x86_64.whl", hash = "sha256:db2b95f9de79181805df90bedc5a5ab4c165e6ec3fe99f970d0e302f384ad222", size = 242349 },
    { url = "https://files.pythonhosted.org/packages/ab/df/bfa89627d13a5cc22402e441e8a931ef2108403db390ff3345c05253935e/tomli-2.2.1-cp312-cp312-manylinux_2_5_i686.manylinux1_i686.manylinux_2_17_i686.manylinux2014_i686.whl", hash = "sha256:40741994320b232529c802f8bc86da4e1aa9f413db394617b9a256ae0f9a7f77", size = 252159 },
    { url = "https://files.pythonhosted.org/packages/9e/6e/fa2b916dced65763a5168c6ccb91066f7639bdc88b48adda990db10c8c0b/tomli-2.2.1-cp312-cp312-musllinux_1_2_aarch64.whl", hash = "sha256:400e720fe168c0f8521520190686ef8ef033fb19fc493da09779e592861b78c6", size = 237243 },
    { url = "https://files.pythonhosted.org/packages/b4/04/885d3b1f650e1153cbb93a6a9782c58a972b94ea4483ae4ac5cedd5e4a09/tomli-2.2.1-cp312-cp312-musllinux_1_2_i686.whl", hash = "sha256:02abe224de6ae62c19f090f68da4e27b10af2b93213d36cf44e6e1c5abd19fdd", size = 259645 },
    { url = "https://files.pythonhosted.org/packages/9c/de/6b432d66e986e501586da298e28ebeefd3edc2c780f3ad73d22566034239/tomli-2.2.1-cp312-cp312-musllinux_1_2_x86_64.whl", hash = "sha256:b82ebccc8c8a36f2094e969560a1b836758481f3dc360ce9a3277c65f374285e", size = 244584 },
    { url = "https://files.pythonhosted.org/packages/1c/9a/47c0449b98e6e7d1be6cbac02f93dd79003234ddc4aaab6ba07a9a7482e2/tomli-2.2.1-cp312-cp312-win32.whl", hash = "sha256:889f80ef92701b9dbb224e49ec87c645ce5df3fa2cc548664eb8a25e03127a98", size = 98875 },
    { url = "https://files.pythonhosted.org/packages/ef/60/9b9638f081c6f1261e2688bd487625cd1e660d0a85bd469e91d8db969734/tomli-2.2.1-cp312-cp312-win_amd64.whl", hash = "sha256:7fc04e92e1d624a4a63c76474610238576942d6b8950a2d7f908a340494e67e4", size = 109418 },
    { url = "https://files.pythonhosted.org/packages/04/90/2ee5f2e0362cb8a0b6499dc44f4d7d48f8fff06d28ba46e6f1eaa61a1388/tomli-2.2.1-cp313-cp313-macosx_10_13_x86_64.whl", hash = "sha256:f4039b9cbc3048b2416cc57ab3bda989a6fcf9b36cf8937f01a6e731b64f80d7", size = 132708 },
    { url = "https://files.pythonhosted.org/packages/c0/ec/46b4108816de6b385141f082ba99e315501ccd0a2ea23db4a100dd3990ea/tomli-2.2.1-cp313-cp313-macosx_11_0_arm64.whl", hash = "sha256:286f0ca2ffeeb5b9bd4fcc8d6c330534323ec51b2f52da063b11c502da16f30c", size = 123582 },
    { url = "https://files.pythonhosted.org/packages/a0/bd/b470466d0137b37b68d24556c38a0cc819e8febe392d5b199dcd7f578365/tomli-2.2.1-cp313-cp313-manylinux_2_17_aarch64.manylinux2014_aarch64.whl", hash = "sha256:a92ef1a44547e894e2a17d24e7557a5e85a9e1d0048b0b5e7541f76c5032cb13", size = 232543 },
    { url = "https://files.pythonhosted.org/packages/d9/e5/82e80ff3b751373f7cead2815bcbe2d51c895b3c990686741a8e56ec42ab/tomli-2.2.1-cp313-cp313-manylinux_2_17_x86_64.manylinux2014_x86_64.whl", hash = "sha256:9316dc65bed1684c9a98ee68759ceaed29d229e985297003e494aa825ebb0281", size = 241691 },
    { url = "https://files.pythonhosted.org/packages/05/7e/2a110bc2713557d6a1bfb06af23dd01e7dde52b6ee7dadc589868f9abfac/tomli-2.2.1-cp313-cp313-manylinux_2_5_i686.manylinux1_i686.manylinux_2_17_i686.manylinux2014_i686.whl", hash = "sha256:e85e99945e688e32d5a35c1ff38ed0b3f41f43fad8df0bdf79f72b2ba7bc5272", size = 251170 },
    { url = "https://files.pythonhosted.org/packages/64/7b/22d713946efe00e0adbcdfd6d1aa119ae03fd0b60ebed51ebb3fa9f5a2e5/tomli-2.2.1-cp313-cp313-musllinux_1_2_aarch64.whl", hash = "sha256:ac065718db92ca818f8d6141b5f66369833d4a80a9d74435a268c52bdfa73140", size = 236530 },
    { url = "https://files.pythonhosted.org/packages/38/31/3a76f67da4b0cf37b742ca76beaf819dca0ebef26d78fc794a576e08accf/tomli-2.2.1-cp313-cp313-musllinux_1_2_i686.whl", hash = "sha256:d920f33822747519673ee656a4b6ac33e382eca9d331c87770faa3eef562aeb2", size = 258666 },
    { url = "https://files.pythonhosted.org/packages/07/10/5af1293da642aded87e8a988753945d0cf7e00a9452d3911dd3bb354c9e2/tomli-2.2.1-cp313-cp313-musllinux_1_2_x86_64.whl", hash = "sha256:a198f10c4d1b1375d7687bc25294306e551bf1abfa4eace6650070a5c1ae2744", size = 243954 },
    { url = "https://files.pythonhosted.org/packages/5b/b9/1ed31d167be802da0fc95020d04cd27b7d7065cc6fbefdd2f9186f60d7bd/tomli-2.2.1-cp313-cp313-win32.whl", hash = "sha256:d3f5614314d758649ab2ab3a62d4f2004c825922f9e370b29416484086b264ec", size = 98724 },
    { url = "https://files.pythonhosted.org/packages/c7/32/b0963458706accd9afcfeb867c0f9175a741bf7b19cd424230714d722198/tomli-2.2.1-cp313-cp313-win_amd64.whl", hash = "sha256:a38aa0308e754b0e3c67e344754dff64999ff9b513e691d0e786265c93583c69", size = 109383 },
    { url = "https://files.pythonhosted.org/packages/6e/c2/61d3e0f47e2b74ef40a68b9e6ad5984f6241a942f7cd3bbfbdbd03861ea9/tomli-2.2.1-py3-none-any.whl", hash = "sha256:cb55c73c5f4408779d0cf3eef9f762b9c9f147a77de7b258bef0a5628adc85cc", size = 14257 },
]
